{"pid": 2, "kind": "hermes-gateway", "argv": ["/opt/venv/bin/hermes", "gateway"], "start_time": 1737249698, "hermes_home": "/data/.hermes", "scope": "telegram-bot-token", "identity_hash": "8f55bbbf4a17e956", "metadata": {"platform": "telegram"}, "updated_at": "2026-08-23T07:23:51.740448+00:00", "profile": "default"}