{"pid": 2, "kind": "hermes-gateway", "argv": ["/opt/venv/bin/hermes", "gateway"], "start_time": 269077839, "hermes_home": "/data/.hermes", "scope": "telegram-bot-token", "identity_hash": "8f55bbbf4a17e956", "metadata": {"platform": "telegram"}, "updated_at": "2026-08-21T21:56:41.759587+00:00", "profile": "default"}